
Microsoft Visual Studio Solution File, Format Version 12.00
# Visual Studio Version 17
VisualStudioVersion = 17.14.36414.22
MinimumVisualStudioVersion = 10.0.40219.1
Project("{2150E333-8FDC-42A3-9474-1A3956D46DE8}") = "Task5", "Task5", "{02EA681E-C7D8-13C7-8484-4AC65E1B71E8}"
EndProject
Project("{FAE04EC0-301F-11D3-BF4B-00C04F79EFBC}") = "Tyuiu.ZheleznyakDN.Sprint5.Task5.V29", "Tyuiu.ZheleznyakDN.Sprint5.Task5.V29\Tyuiu.ZheleznyakDN.Sprint5.Task5.V29.csproj", "{5C72C4C4-2CBD-44B2-B81E-FC64ED4AFE5C}"
EndProject
Project("{FAE04EC0-301F-11D3-BF4B-00C04F79EFBC}") = "Tyuiu.ZheleznyakDN.Sprint5.Task5.V29.Lib", "Tyuiu.ZheleznyakDN.Sprint5.Task5.V29.Lib\Tyuiu.ZheleznyakDN.Sprint5.Task5.V29.Lib.csproj", "{AE49DF43-1176-4395-9E64-3491605DF0D2}"
EndProject
Project("{FAE04EC0-301F-11D3-BF4B-00C04F79EFBC}") = "Tyuiu.ZheleznyakDN.Sprint5.Task5.V29.Test", "Tyuiu.ZheleznyakDN.Sprint5.Task5.V29.Test\Tyuiu.ZheleznyakDN.Sprint5.Task5.V29.Test.csproj", "{EDD516C0-A94A-4090-8E0D-4C48044B219D}"
EndProject
Project("{2150E333-8FDC-42A3-9474-1A3956D46DE8}") = "Task6", "Task6", "{1B4C82FC-7548-48B7-8EC2-55769924CAEB}"
EndProject
Project("{FAE04EC0-301F-11D3-BF4B-00C04F79EFBC}") = "Tyuiu.ZheleznyakDN.Sprint5.Task6.V7", "Tyuiu.ZheleznyakDN.Sprint5.Task6.V7\Tyuiu.ZheleznyakDN.Sprint5.Task6.V7.csproj", "{5AADA46D-EC9F-4A29-A227-5DEB6BA615C3}"
EndProject
Project("{FAE04EC0-301F-11D3-BF4B-00C04F79EFBC}") = "Tyuiu.ZheleznyakDN.Sprint5.Task6.V7.Lib", "Tyuiu.ZheleznyakDN.Sprint5.Task6.V7.Lib\Tyuiu.ZheleznyakDN.Sprint5.Task6.V7.Lib.csproj", "{E77CFF2B-2063-471E-B0AA-EBD17772CF59}"
EndProject
Project("{FAE04EC0-301F-11D3-BF4B-00C04F79EFBC}") = "Tyuiu.ZheleznyakDN.Sprint5.Task6.V7.Test", "Tyuiu.ZheleznyakDN.Sprint5.Task6.V7.Test\Tyuiu.ZheleznyakDN.Sprint5.Task6.V7.Test.csproj", "{E2E23A25-C063-40AD-BCE0-29C9F8F46D85}"
EndProject
Project("{2150E333-8FDC-42A3-9474-1A3956D46DE8}") = "Task7", "Task7", "{D408FCA3-74CE-4CAD-A8CC-23B703653B6B}"
EndProject
Project("{FAE04EC0-301F-11D3-BF4B-00C04F79EFBC}") = "Tyuiu.ZheleznyakDN.Sprint5.Task7.V27", "Tyuiu.ZheleznyakDN.Sprint5.Task7.V27\Tyuiu.ZheleznyakDN.Sprint5.Task7.V27.csproj", "{2B4D170D-C6A2-475A-85F7-01E05B7E0135}"
EndProject
Project("{FAE04EC0-301F-11D3-BF4B-00C04F79EFBC}") = "Tyuiu.ZheleznyakDN.Sprint5.Task7.V27.Lib", "Tyuiu.ZheleznyakDN.Sprint5.Task7.V27.Lib\Tyuiu.ZheleznyakDN.Sprint5.Task7.V27.Lib.csproj", "{08E98AB9-826C-45A1-B3EA-6B3AB0DB103B}"
EndProject
Project("{FAE04EC0-301F-11D3-BF4B-00C04F79EFBC}") = "Tyuiu.ZheleznyakDN.Sprint5.Task7.V27.Test", "Tyuiu.ZheleznyakDN.Sprint5.Task7.V27.Test\Tyuiu.ZheleznyakDN.Sprint5.Task7.V27.Test.csproj", "{DC3C5210-72CB-446F-8584-10A6E51075CA}"
EndProject
Global
	GlobalSection(SolutionConfigurationPlatforms) = preSolution
		Debug|Any CPU = Debug|Any CPU
		Release|Any CPU = Release|Any CPU
	EndGlobalSection
	GlobalSection(ProjectConfigurationPlatforms) = postSolution
		{5C72C4C4-2CBD-44B2-B81E-FC64ED4AFE5C}.Debug|Any CPU.ActiveCfg = Debug|Any CPU
		{5C72C4C4-2CBD-44B2-B81E-FC64ED4AFE5C}.Debug|Any CPU.Build.0 = Debug|Any CPU
		{5C72C4C4-2CBD-44B2-B81E-FC64ED4AFE5C}.Release|Any CPU.ActiveCfg = Release|Any CPU
		{5C72C4C4-2CBD-44B2-B81E-FC64ED4AFE5C}.Release|Any CPU.Build.0 = Release|Any CPU
		{AE49DF43-1176-4395-9E64-3491605DF0D2}.Debug|Any CPU.ActiveCfg = Debug|Any CPU
		{AE49DF43-1176-4395-9E64-3491605DF0D2}.Debug|Any CPU.Build.0 = Debug|Any CPU
		{AE49DF43-1176-4395-9E64-3491605DF0D2}.Release|Any CPU.ActiveCfg = Release|Any CPU
		{AE49DF43-1176-4395-9E64-3491605DF0D2}.Release|Any CPU.Build.0 = Release|Any CPU
		{EDD516C0-A94A-4090-8E0D-4C48044B219D}.Debug|Any CPU.ActiveCfg = Debug|Any CPU
		{EDD516C0-A94A-4090-8E0D-4C48044B219D}.Debug|Any CPU.Build.0 = Debug|Any CPU
		{EDD516C0-A94A-4090-8E0D-4C48044B219D}.Release|Any CPU.ActiveCfg = Release|Any CPU
		{EDD516C0-A94A-4090-8E0D-4C48044B219D}.Release|Any CPU.Build.0 = Release|Any CPU
		{5AADA46D-EC9F-4A29-A227-5DEB6BA615C3}.Debug|Any CPU.ActiveCfg = Debug|Any CPU
		{5AADA46D-EC9F-4A29-A227-5DEB6BA615C3}.Debug|Any CPU.Build.0 = Debug|Any CPU
		{5AADA46D-EC9F-4A29-A227-5DEB6BA615C3}.Release|Any CPU.ActiveCfg = Release|Any CPU
		{5AADA46D-EC9F-4A29-A227-5DEB6BA615C3}.Release|Any CPU.Build.0 = Release|Any CPU
		{E77CFF2B-2063-471E-B0AA-EBD17772CF59}.Debug|Any CPU.ActiveCfg = Debug|Any CPU
		{E77CFF2B-2063-471E-B0AA-EBD17772CF59}.Debug|Any CPU.Build.0 = Debug|Any CPU
		{E77CFF2B-2063-471E-B0AA-EBD17772CF59}.Release|Any CPU.ActiveCfg = Release|Any CPU
		{E77CFF2B-2063-471E-B0AA-EBD17772CF59}.Release|Any CPU.Build.0 = Release|Any CPU
		{E2E23A25-C063-40AD-BCE0-29C9F8F46D85}.Debug|Any CPU.ActiveCfg = Debug|Any CPU
		{E2E23A25-C063-40AD-BCE0-29C9F8F46D85}.Debug|Any CPU.Build.0 = Debug|Any CPU
		{E2E23A25-C063-40AD-BCE0-29C9F8F46D85}.Release|Any CPU.ActiveCfg = Release|Any CPU
		{E2E23A25-C063-40AD-BCE0-29C9F8F46D85}.Release|Any CPU.Build.0 = Release|Any CPU
		{2B4D170D-C6A2-475A-85F7-01E05B7E0135}.Debug|Any CPU.ActiveCfg = Debug|Any CPU
		{2B4D170D-C6A2-475A-85F7-01E05B7E0135}.Debug|Any CPU.Build.0 = Debug|Any CPU
		{2B4D170D-C6A2-475A-85F7-01E05B7E0135}.Release|Any CPU.ActiveCfg = Release|Any CPU
		{2B4D170D-C6A2-475A-85F7-01E05B7E0135}.Release|Any CPU.Build.0 = Release|Any CPU
		{08E98AB9-826C-45A1-B3EA-6B3AB0DB103B}.Debug|Any CPU.ActiveCfg = Debug|Any CPU
		{08E98AB9-826C-45A1-B3EA-6B3AB0DB103B}.Debug|Any CPU.Build.0 = Debug|Any CPU
		{08E98AB9-826C-45A1-B3EA-6B3AB0DB103B}.Release|Any CPU.ActiveCfg = Release|Any CPU
		{08E98AB9-826C-45A1-B3EA-6B3AB0DB103B}.Release|Any CPU.Build.0 = Release|Any CPU
		{DC3C5210-72CB-446F-8584-10A6E51075CA}.Debug|Any CPU.ActiveCfg = Debug|Any CPU
		{DC3C5210-72CB-446F-8584-10A6E51075CA}.Debug|Any CPU.Build.0 = Debug|Any CPU
		{DC3C5210-72CB-446F-8584-10A6E51075CA}.Release|Any CPU.ActiveCfg = Release|Any CPU
		{DC3C5210-72CB-446F-8584-10A6E51075CA}.Release|Any CPU.Build.0 = Release|Any CPU
	EndGlobalSection
	GlobalSection(SolutionProperties) = preSolution
		HideSolutionNode = FALSE
	EndGlobalSection
	GlobalSection(NestedProjects) = preSolution
		{5C72C4C4-2CBD-44B2-B81E-FC64ED4AFE5C} = {02EA681E-C7D8-13C7-8484-4AC65E1B71E8}
		{AE49DF43-1176-4395-9E64-3491605DF0D2} = {02EA681E-C7D8-13C7-8484-4AC65E1B71E8}
		{EDD516C0-A94A-4090-8E0D-4C48044B219D} = {02EA681E-C7D8-13C7-8484-4AC65E1B71E8}
		{5AADA46D-EC9F-4A29-A227-5DEB6BA615C3} = {1B4C82FC-7548-48B7-8EC2-55769924CAEB}
		{E77CFF2B-2063-471E-B0AA-EBD17772CF59} = {1B4C82FC-7548-48B7-8EC2-55769924CAEB}
		{E2E23A25-C063-40AD-BCE0-29C9F8F46D85} = {1B4C82FC-7548-48B7-8EC2-55769924CAEB}
		{2B4D170D-C6A2-475A-85F7-01E05B7E0135} = {D408FCA3-74CE-4CAD-A8CC-23B703653B6B}
		{08E98AB9-826C-45A1-B3EA-6B3AB0DB103B} = {D408FCA3-74CE-4CAD-A8CC-23B703653B6B}
		{DC3C5210-72CB-446F-8584-10A6E51075CA} = {D408FCA3-74CE-4CAD-A8CC-23B703653B6B}
	EndGlobalSection
	GlobalSection(ExtensibilityGlobals) = postSolution
		SolutionGuid = {99143620-1430-44D7-9362-6FC569730BBE}
	EndGlobalSection
EndGlobal
